// !$*UTF8*$!
{
	archiveVersion = 1;
	classes = {
	};
	objectVersion = 46;
	objects = {

/* Begin PBXBuildFile section */
		07B7ABA71C337F1400115341 /* main.m in Sources */ = {isa = PBXBuildFile; fileRef = 07B7ABA61C337F1400115341 /* main.m */; };
		07B7ABAA1C337F1400115341 /* AppDelegate.m in Sources */ = {isa = PBXBuildFile; fileRef = 07B7ABA91C337F1400115341 /* AppDelegate.m */; };
		07B7ABAD1C337F1400115341 /* ViewController.m in Sources */ = {isa = PBXBuildFile; fileRef = 07B7ABAC1C337F1400115341 /* ViewController.m */; };
		07B7ABB01C337F1400115341 /* Main.storyboard in Resources */ = {isa = PBXBuildFile; fileRef = 07B7ABAE1C337F1400115341 /* Main.storyboard */; };
		07B7ABB21C337F1400115341 /* Images.xcassets in Resources */ = {isa = PBXBuildFile; fileRef = 07B7ABB11C337F1400115341 /* Images.xcassets */; };
		07B7ABB51C337F1400115341 /* LaunchScreen.xib in Resources */ = {isa = PBXBuildFile; fileRef = 07B7ABB31C337F1400115341 /* LaunchScreen.xib */; };
		07B7ABC11C337F1400115341 /* test1Tests.m in Sources */ = {isa = PBXBuildFile; fileRef = 07B7ABC01C337F1400115341 /* test1Tests.m */; };
/* End PBXBuildFile section */

/* Begin PBXContainerItemProxy section */
		07B7ABBB1C337F1400115341 /* PBXContainerItemProxy */ = {
			isa = PBXContainerItemProxy;
			containerPortal = 07B7AB991C337F1400115341 /* Project object */;
			proxyType = 1;
			remoteGlobalIDString = 07B7ABA01C337F1400115341;
			remoteInfo = test1;
		};
/* End PBXContainerItemProxy section */

/* Begin PBXFileReference section */
		07B7ABA11C337F1400115341 /* test1.app */ = {isa = PBXFileReference; explicitFileType = wrapper.application; includeInIndex = 0; path = test1.app; sourceTree = BUILT_PRODUCTS_DIR; };
		07B7ABA51C337F1400115341 /* Info.plist */ = {isa = PBXFileReference; lastKnownFileType = text.plist.xml; path = Info.plist; sourceTree = "<group>"; };
		07B7ABA61C337F1400115341 /* main.m */ = {isa = PBXFileReference; lastKnownFileType = sourcecode.c.objc; path = main.m; sourceTree = "<group>"; };
		07B7ABA81C337F1400115341 /* AppDelegate.h */ = {isa = PBXFileReference; lastKnownFileType = sourcecode.c.h; path = AppDelegate.h; sourceTree = "<group>"; };
		07B7ABA91C337F1400115341 /* AppDelegate.m */ = {isa = PBXFileReference; lastKnownFileType = sourcecode.c.objc; path = AppDelegate.m; sourceTree = "<group>"; };
		07B7ABAB1C337F1400115341 /* ViewController.h */ = {isa = PBXFileReference; lastKnownFileType = sourcecode.c.h; path = ViewController.h; sourceTree = "<group>"; };
		07B7ABAC1C337F1400115341 /* ViewController.m */ = {isa = PBXFileReference; lastKnownFileType = sourcecode.c.objc; path = ViewController.m; sourceTree = "<group>"; };
		07B7ABAF1C337F1400115341 /* Base */ = {isa = PBXFileReference; lastKnownFileType = file.storyboard; name = Base; path = Base.lproj/Main.storyboard; sourceTree = "<group>"; };
		07B7ABB11C337F1400115341 /* Images.xcassets */ = {isa = PBXFileReference; lastKnownFileType = folder.assetcatalog; path = Images.xcassets; sourceTree = "<group>"; };
		07B7ABB41C337F1400115341 /* Base */ = {isa = PBXFileReference; lastKnownFileType = file.xib; name = Base; path = Base.lproj/LaunchScreen.xib; sourceTree = "<group>"; };
		07B7ABBA1C337F1400115341 /* test1Tests.xctest */ = {isa = PBXFileReference; explicitFileType = wrapper.cfbundle; includeInIndex = 0; path = test1Tests.xctest; sourceTree = BUILT_PRODUCTS_DIR; };
		07B7ABBF1C337F1400115341 /* Info.plist */ = {isa = PBXFileReference; lastKnownFileType = text.plist.xml; path = Info.plist; sourceTree = "<group>"; };
		07B7ABC01C337F1400115341 /* test1Tests.m */ = {isa = PBXFileReference; lastKnownFileType = sourcecode.c.objc; path = test1Tests.m; sourceTree = "<group>"; };
/* End PBXFileReference section */

/* Begin PBXFrameworksBuildPhase section */
		07B7AB9E1C337F1400115341 /* Frameworks */ = {
			isa = PBXFrameworksBuildPhase;
			buildActionMask = 2147483647;
			files = (
			);
			runOnlyForDeploymentPostprocessing = 0;
		};
		07B7ABB71C337F1400115341 /* Frameworks */ = {
			isa = PBXFrameworksBuildPhase;
			buildActionMask = 2147483647;
			files = (
			);
			runOnlyForDeploymentPostprocessing = 0;
		};
/* End PBXFrameworksBuildPhase section */

/* Begin PBXGroup section */
		07B7AB981C337F1400115341 = {
			isa = PBXGroup;
			children = (
				07B7ABA31C337F1400115341 /* test1 */,
				07B7ABBD1C337F1400115341 /* test1Tests */,
				07B7ABA21C337F1400115341 /* Products */,
			);
			sourceTree = "<group>";
		};
		07B7ABA21C337F1400115341 /* Products */ = {
			isa = PBXGroup;
			children = (
				07B7ABA11C337F1400115341 /* test1.app */,
				07B7ABBA1C337F1400115341 /* test1Tests.xctest */,
			);
			name = Products;
			sourceTree = "<group>";
		};
		07B7ABA31C337F1400115341 /* test1 */ = {
			isa = PBXGroup;
			children = (
				07B7ABA81C337F1400115341 /* AppDelegate.h */,
				07B7ABA91C337F1400115341 /* AppDelegate.m */,
				07B7ABAB1C337F1400115341 /* ViewController.h */,
				07B7ABAC1C337F1400115341 /* ViewController.m */,
				07B7ABAE1C337F1400115341 /* Main.storyboard */,
				07B7ABB11C337F1400115341 /* Images.xcassets */,
				07B7ABB31C337F1400115341 /* LaunchScreen.xib */,
				07B7ABA41C337F1400115341 /* Supporting Files */,
			);
			path = test1;
			sourceTree = "<group>";
		};
		07B7ABA41C337F1400115341 /* Supporting Files */ = {
			isa = PBXGroup;
			children = (
				07B7ABA51C337F1400115341 /* Info.plist */,
				07B7ABA61C337F1400115341 /* main.m */,
			);
			name = "Supporting Files";
			sourceTree = "<group>";
		};
		07B7ABBD1C337F1400115341 /* test1Tests */ = {
			isa = PBXGroup;
			children = (
				07B7ABC01C337F1400115341 /* test1Tests.m */,
				07B7ABBE1C337F1400115341 /* Supporting Files */,
			);
			path = test1Tests;
			sourceTree = "<group>";
		};
		07B7ABBE1C337F1400115341 /* Supporting Files */ = {
			isa = PBXGroup;
			children = (
				07B7ABBF1C337F1400115341 /* Info.plist */,
			);
			name = "Supporting Files";
			sourceTree = "<group>";
		};
/* End PBXGroup section */

/* Begin PBXNativeTarget section */
		07B7ABA01C337F1400115341 /* test1 */ = {
			isa = PBXNativeTarget;
			buildConfigurationList = 07B7ABC41C337F1400115341 /* Build configuration list for PBXNativeTarget "test1" */;
			buildPhases = (
				07B7AB9D1C337F1400115341 /* Sources */,
				07B7AB9E1C337F1400115341 /* Frameworks */,
				07B7AB9F1C337F1400115341 /* Resources */,
			);
			buildRules = (
			);
			dependencies = (
			);
			name = test1;
			productName = test1;
			productReference = 07B7ABA11C337F1400115341 /* test1.app */;
			productType = "com.apple.product-type.application";
		};
		07B7ABB91C337F1400115341 /* test1Tests */ = {
			isa = PBXNativeTarget;
			buildConfigurationList = 07B7ABC71C337F1400115341 /* Build configuration list for PBXNativeTarget "test1Tests" */;
			buildPhases = (
				07B7ABB61C337F1400115341 /* Sources */,
				07B7ABB71C337F1400115341 /* Frameworks */,
				07B7ABB81C337F1400115341 /* Resources */,
			);
			buildRules = (
			);
			dependencies = (
				07B7ABBC1C337F1400115341 /* PBXTargetDependency */,
			);
			name = test1Tests;
			productName = test1Tests;
			productReference = 07B7ABBA1C337F1400115341 /* test1Tests.xctest */;
			productType = "com.apple.product-type.bundle.unit-test";
		};
/* End PBXNativeTarget section */

/* Begin PBXProject section */
		07B7AB991C337F1400115341 /* Project object */ = {
			isa = PBXProject;
			attributes = {
				LastUpgradeCheck = 0640;
				ORGANIZATIONNAME = zhu;
				TargetAttributes = {
					07B7ABA01C337F1400115341 = {
						CreatedOnToolsVersion = 6.4;
					};
					07B7ABB91C337F1400115341 = {
						CreatedOnToolsVersion = 6.4;
						TestTargetID = 07B7ABA01C337F1400115341;
					};
				};
			};
			buildConfigurationList = 07B7AB9C1C337F1400115341 /* Build configuration list for PBXProject "test1" */;
			compatibilityVersion = "Xcode 3.2";
			developmentRegion = English;
			hasScannedForEncodings = 0;
			knownRegions = (
				en,
				Base,
			);
			mainGroup = 07B7AB981C337F1400115341;
			productRefGroup = 07B7ABA21C337F1400115341 /* Products */;
			projectDirPath = "";
			projectRoot = "";
			targets = (
				07B7ABA01C337F1400115341 /* test1 */,
				07B7ABB91C337F1400115341 /* test1Tests */,
			);
		};
/* End PBXProject section */

/* Begin PBXResourcesBuildPhase section */
		07B7AB9F1C337F1400115341 /* Resources */ = {
			isa = PBXResourcesBuildPhase;
			buildActionMask = 2147483647;
			files = (
				07B7ABB01C337F1400115341 /* Main.storyboard in Resources */,
				07B7ABB51C337F1400115341 /* LaunchScreen.xib in Resources */,
				07B7ABB21C337F1400115341 /* Images.xcassets in Resources */,
			);
			runOnlyForDeploymentPostprocessing = 0;
		};
		07B7ABB81C337F1400115341 /* Resources */ = {
			isa = PBXResourcesBuildPhase;
			buildActionMask = 2147483647;
			files = (
			);
			runOnlyForDeploymentPostprocessing = 0;
		};
/* End PBXResourcesBuildPhase section */

/* Begin PBXSourcesBuildPhase section */
		07B7AB9D1C337F1400115341 /* Sources */ = {
			isa = PBXSourcesBuildPhase;
			buildActionMask = 2147483647;
			files = (
				07B7ABAD1C337F1400115341 /* ViewController.m in Sources */,
				07B7ABAA1C337F1400115341 /* AppDelegate.m in Sources */,
				07B7ABA71C337F1400115341 /* main.m in Sources */,
			);
			runOnlyForDeploymentPostprocessing = 0;
		};
		07B7ABB61C337F1400115341 /* Sources */ = {
			isa = PBXSourcesBuildPhase;
			buildActionMask = 2147483647;
			files = (
				07B7ABC11C337F1400115341 /* test1Tests.m in Sources */,
			);
			runOnlyForDeploymentPostprocessing = 0;
		};
/* End PBXSourcesBuildPhase section */

/* Begin PBXTargetDependency section */
		07B7ABBC1C337F1400115341 /* PBXTargetDependency */ = {
			isa = PBXTargetDependency;
			target = 07B7ABA01C337F1400115341 /* test1 */;
			targetProxy = 07B7ABBB1C337F1400115341 /* PBXContainerItemProxy */;
		};
/* End PBXTargetDependency section */

/* Begin PBXVariantGroup section */
		07B7ABAE1C337F1400115341 /* Main.storyboard */ = {
			isa = PBXVariantGroup;
			children = (
				07B7ABAF1C337F1400115341 /* Base */,
			);
			name = Main.storyboard;
			sourceTree = "<group>";
		};
		07B7ABB31C337F1400115341 /* LaunchScreen.xib */ = {
			isa = PBXVariantGroup;
			children = (
				07B7ABB41C337F1400115341 /* Base */,
			);
			name = LaunchScreen.xib;
			sourceTree = "<group>";
		};
/* End PBXVariantGroup section */

/* Begin XCBuildConfiguration section */
		07B7ABC21C337F1400115341 /* Debug */ = {
			isa = XCBuildConfiguration;
			buildSettings = {
				ALWAYS_SEARCH_USER_PATHS = NO;
				CLANG_CXX_LANGUAGE_STANDARD = "gnu++0x";
				CLANG_CXX_LIBRARY = "libc++";
				CLANG_ENABLE_MODULES = YES;
				CLANG_ENABLE_OBJC_ARC = YES;
				CLANG_WARN_BOOL_CONVERSION = YES;
				CLANG_WARN_CONSTANT_CONVERSION = YES;
				CLANG_WARN_DIRECT_OBJC_ISA_USAGE = YES_ERROR;
				CLANG_WARN_EMPTY_BODY = YES;
				CLANG_WARN_ENUM_CONVERSION = YES;
				CLANG_WARN_INT_CONVERSION = YES;
				CLANG_WARN_OBJC_ROOT_CLASS = YES_ERROR;
				CLANG_WARN_UNREACHABLE_CODE = YES;
				CLANG_WARN__DUPLICATE_METHOD_MATCH = YES;
				"CODE_SIGN_IDENTITY[sdk=iphoneos*]" = "iPhone Developer";
				COPY_PHASE_STRIP = NO;
				DEBUG_INFORMATION_FORMAT = "dwarf-with-dsym";
				ENABLE_STRICT_OBJC_MSGSEND = YES;
				GCC_C_LANGUAGE_STANDARD = gnu99;
				GCC_DYNAMIC_NO_PIC = NO;
				GCC_NO_COMMON_BLOCKS = YES;
				GCC_OPTIMIZATION_LEVEL = 0;
				GCC_PREPROCESSOR_DEFINITIONS = (
					"DEBUG=1",
					"$(inherited)",
				);
				GCC_SYMBOLS_PRIVATE_EXTERN = NO;
				GCC_WARN_64_TO_32_BIT_CONVERSION = YES;
				GCC_WARN_ABOUT_RETURN_TYPE = YES_ERROR;
				GCC_WARN_UNDECLARED_SELECTOR = YES;
				GCC_WARN_UNINITIALIZED_AUTOS = YES_AGGRESSIVE;
				GCC_WARN_UNUSED_FUNCTION = YES;
				GCC_WARN_UNUSED_VARIABLE = YES;
				IPHONEOS_DEPLOYMENT_TARGET = 8.4;
				MTL_ENABLE_DEBUG_INFO = YES;
				ONLY_ACTIVE_ARCH = YES;
				SDKROOT = iphoneos;
				TARGETED_DEVICE_FAMILY = "1,2";
			};
			name = Debug;
		};
		07B7ABC31C337F1400115341 /* Release */ = {
			isa = XCBuildConfiguration;
			buildSettings = {
				ALWAYS_SEARCH_USER_PATHS = NO;
				CLANG_CXX_LANGUAGE_STANDARD = "gnu++0x";
				CLANG_CXX_LIBRARY = "libc++";
				CLANG_ENABLE_MODULES = YES;
				CLANG_ENABLE_OBJC_ARC = YES;
				CLANG_WARN_BOOL_CONVERSION = YES;
				CLANG_WARN_CONSTANT_CONVERSION = YES;
				CLANG_WARN_DIRECT_OBJC_ISA_USAGE = YES_ERROR;
				CLANG_WARN_EMPTY_BODY = YES;
				CLANG_WARN_ENUM_CONVERSION = YES;
				CLANG_WARN_INT_CONVERSION = YES;
				CLANG_WARN_OBJC_ROOT_CLASS = YES_ERROR;
				CLANG_WARN_UNREACHABLE_CODE = YES;
				CLANG_WARN__DUPLICATE_METHOD_MATCH = YES;
				"CODE_SIGN_IDENTITY[sdk=iphoneos*]" = "iPhone Developer";
				COPY_PHASE_STRIP = NO;
				DEBUG_INFORMATION_FORMAT = "dwarf-with-dsym";
				ENABLE_NS_ASSERTIONS = NO;
				ENABLE_STRICT_OBJC_MSGSEND = YES;
				GCC_C_LANGUAGE_STANDARD = gnu99;
				GCC_NO_COMMON_BLOCKS = YES;
				GCC_WARN_64_TO_32_BIT_CONVERSION = YES;
				GCC_WARN_ABOUT_RETURN_TYPE = YES_ERROR;
				GCC_WARN_UNDECLARED_SELECTOR = YES;
				GCC_WARN_UNINITIALIZED_AUTOS = YES_AGGRESSIVE;
				GCC_WARN_UNUSED_FUNCTION = YES;
				GCC_WARN_UNUSED_VARIABLE = YES;
				IPHONEOS_DEPLOYMENT_TARGET = 8.4;
				MTL_ENABLE_DEBUG_INFO = NO;
				SDKROOT = iphoneos;
				TARGETED_DEVICE_FAMILY = "1,2";
				VALIDATE_PRODUCT = YES;
			};
			name = Release;
		};
		07B7ABC51C337F1400115341 /* Debug */ = {
			isa = XCBuildConfiguration;
			buildSettings = {
				ASSETCATALOG_COMPILER_APPICON_NAME = AppIcon;
				INFOPLIST_FILE = test1/Info.plist;
				LD_RUNPATH_SEARCH_PATHS = "$(inherited) @executable_path/Frameworks";
				PRODUCT_NAME = "$(TARGET_NAME)";
			};
			name = Debug;
		};
		07B7ABC61C337F1400115341 /* Release */ = {
			isa = XCBuildConfiguration;
			buildSettings = {
				ASSETCATALOG_COMPILER_APPICON_NAME = AppIcon;
				INFOPLIST_FILE = test1/Info.plist;
				LD_RUNPATH_SEARCH_PATHS = "$(inherited) @executable_path/Frameworks";
				PRODUCT_NAME = "$(TARGET_NAME)";
			};
			name = Release;
		};
		07B7ABC81C337F1400115341 /* Debug */ = {
			isa = XCBuildConfiguration;
			buildSettings = {
				BUNDLE_LOADER = "$(TEST_HOST)";
				FRAMEWORK_SEARCH_PATHS = (
					"$(SDKROOT)/Developer/Library/Frameworks",
					"$(inherited)",
				);
				GCC_PREPROCESSOR_DEFINITIONS = (
					"DEBUG=1",
					"$(inherited)",
				);
				INFOPLIST_FILE = test1Tests/Info.plist;
				LD_RUNPATH_SEARCH_PATHS = "$(inherited) @executable_path/Frameworks @loader_path/Frameworks";
				PRODUCT_NAME = "$(TARGET_NAME)";
				TEST_HOST = "$(BUILT_PRODUCTS_DIR)/test1.app/test1";
			};
			name = Debug;
		};
		07B7ABC91C337F1400115341 /* Release */ = {
			isa = XCBuildConfiguration;
			buildSettings = {
				BUNDLE_LOADER = "$(TEST_HOST)";
				FRAMEWORK_SEARCH_PATHS = (
					"$(SDKROOT)/Developer/Library/Frameworks",
					"$(inherited)",
				);
				INFOPLIST_FILE = test1Tests/Info.plist;
				LD_RUNPATH_SEARCH_PATHS = "$(inherited) @executable_path/Frameworks @loader_path/Frameworks";
				PRODUCT_NAME = "$(TARGET_NAME)";
				TEST_HOST = "$(BUILT_PRODUCTS_DIR)/test1.app/test1";
			};
			name = Release;
		};
/* End XCBuildConfiguration section */

/* Begin XCConfigurationList section */
		07B7AB9C1C337F1400115341 /* Build configuration list for PBXProject "test1" */ = {
			isa = XCConfigurationList;
			buildConfigurations = (
				07B7ABC21C337F1400115341 /* Debug */,
				07B7ABC31C337F1400115341 /* Release */,
			);
			defaultConfigurationIsVisible = 0;
			defaultConfigurationName = Release;
		};
		07B7ABC41C337F1400115341 /* Build configuration list for PBXNativeTarget "test1" */ = {
			isa = XCConfigurationList;
			buildConfigurations = (
				07B7ABC51C337F1400115341 /* Debug */,
				07B7ABC61C337F1400115341 /* Release */,
			);
			defaultConfigurationIsVisible = 0;
		};
		07B7ABC71C337F1400115341 /* Build configuration list for PBXNativeTarget "test1Tests" */ = {
			isa = XCConfigurationList;
			buildConfigurations = (
				07B7ABC81C337F1400115341 /* Debug */,
				07B7ABC91C337F1400115341 /* Release */,
			);
			defaultConfigurationIsVisible = 0;
		};
/* End XCConfigurationList section */
	};
	rootObject = 07B7AB991C337F1400115341 /* Project object */;
}
